<Solution>
  <Project Path="DeepSeek.Core.Tests/DeepSeek.Core.Tests.csproj" />
  <Project Path="DeepSeek.Core/DeepSeek.Core.csproj" />
  <Project Path="DeepSeek.Desktop/DeepSeek.Desktop.csproj" />
  <Project Path="DeepSeekBrowser.csproj" />
  <Project Path="DeepSeek.DdBridge/DeepSeek.DdBridge.csproj" />
  <Project Path="DeepSeek.Launcher/DeepSeek.Launcher.csproj" />
</Solution>
